
Microsoft Visual Studio Solution File, Format Version 12.00
# Visual Studio Version 17
VisualStudioVersion = 17.3.32901.215
MinimumVisualStudioVersion = 10.0.40219.1
Project("{FAE04EC0-301F-11D3-BF4B-00C04F79EFBC}") = "NZWalks.API", "NZWalks.API\NZWalks.API.csproj", "{A20256E6-C8C0-4041-BB74-AF326156DFE4}"
EndProject
Global
	GlobalSection(SolutionConfigurationPlatforms) = preSolution
		Debug|Any CPU = Debug|Any CPU
		Release|Any CPU = Release|Any CPU
	EndGlobalSection
	GlobalSection(ProjectConfigurationPlatforms) = postSolution
		{A20256E6-C8C0-4041-BB74-AF326156DFE4}.Debug|Any CPU.ActiveCfg = Debug|Any CPU
		{A20256E6-C8C0-4041-BB74-AF326156DFE4}.Debug|Any CPU.Build.0 = Debug|Any CPU
		{A20256E6-C8C0-4041-BB74-AF326156DFE4}.Release|Any CPU.ActiveCfg = Release|Any CPU
		{A20256E6-C8C0-4041-BB74-AF326156DFE4}.Release|Any CPU.Build.0 = Release|Any CPU
	EndGlobalSection
	GlobalSection(SolutionProperties) = preSolution
		HideSolutionNode = FALSE
	EndGlobalSection
	GlobalSection(ExtensibilityGlobals) = postSolution
		SolutionGuid = {D87D53BD-1280-465F-92E9-A5E27ACB5988}
	EndGlobalSection
EndGlobal
